
Microsoft Visual Studio Solution File, Format Version 12.00
# Visual Studio 14
VisualStudioVersion = 14.0.25420.1
MinimumVisualStudioVersion = 10.0.40219.1
Project("{FAE04EC0-301F-11D3-BF4B-00C04F79EFBC}") = "Pong", "Pong\Pong.csproj", "{A50D929A-7EB1-4ABD-AD99-04E47F2E9BA9}"
	ProjectSection(ProjectDependencies) = postProject
		{60B7197D-D0D5-405C-90A2-A56903E9B039} = {60B7197D-D0D5-405C-90A2-A56903E9B039}
	EndProjectSection
EndProject
Project("{FAE04EC0-301F-11D3-BF4B-00C04F79EFBC}") = "Nez", "Nez\Nez-PCL\Nez.csproj", "{60B7197D-D0D5-405C-90A2-A56903E9B039}"
EndProject
Project("{FAE04EC0-301F-11D3-BF4B-00C04F79EFBC}") = "FlappyNez", "FlappyNez\FlappyNez.csproj", "{AF7D4E7B-804A-476A-8CF9-DA21521F1827}"
EndProject
Global
	GlobalSection(SolutionConfigurationPlatforms) = preSolution
		Debug|Any CPU = Debug|Any CPU
		Debug|x86 = Debug|x86
		Release|Any CPU = Release|Any CPU
		Release|x86 = Release|x86
	EndGlobalSection
	GlobalSection(ProjectConfigurationPlatforms) = postSolution
		{A50D929A-7EB1-4ABD-AD99-04E47F2E9BA9}.Debug|Any CPU.ActiveCfg = Debug|x86
		{A50D929A-7EB1-4ABD-AD99-04E47F2E9BA9}.Debug|Any CPU.Build.0 = Debug|x86
		{A50D929A-7EB1-4ABD-AD99-04E47F2E9BA9}.Debug|x86.ActiveCfg = Debug|x86
		{A50D929A-7EB1-4ABD-AD99-04E47F2E9BA9}.Debug|x86.Build.0 = Debug|x86
		{A50D929A-7EB1-4ABD-AD99-04E47F2E9BA9}.Release|Any CPU.ActiveCfg = Release|x86
		{A50D929A-7EB1-4ABD-AD99-04E47F2E9BA9}.Release|x86.ActiveCfg = Release|x86
		{A50D929A-7EB1-4ABD-AD99-04E47F2E9BA9}.Release|x86.Build.0 = Release|x86
		{60B7197D-D0D5-405C-90A2-A56903E9B039}.Debug|Any CPU.ActiveCfg = Debug|Any CPU
		{60B7197D-D0D5-405C-90A2-A56903E9B039}.Debug|Any CPU.Build.0 = Debug|Any CPU
		{60B7197D-D0D5-405C-90A2-A56903E9B039}.Debug|x86.ActiveCfg = Debug|Any CPU
		{60B7197D-D0D5-405C-90A2-A56903E9B039}.Debug|x86.Build.0 = Debug|Any CPU
		{60B7197D-D0D5-405C-90A2-A56903E9B039}.Release|Any CPU.ActiveCfg = Release|Any CPU
		{60B7197D-D0D5-405C-90A2-A56903E9B039}.Release|Any CPU.Build.0 = Release|Any CPU
		{60B7197D-D0D5-405C-90A2-A56903E9B039}.Release|x86.ActiveCfg = Release|Any CPU
		{60B7197D-D0D5-405C-90A2-A56903E9B039}.Release|x86.Build.0 = Release|Any CPU
		{AF7D4E7B-804A-476A-8CF9-DA21521F1827}.Debug|Any CPU.ActiveCfg = Debug|x86
		{AF7D4E7B-804A-476A-8CF9-DA21521F1827}.Debug|Any CPU.Build.0 = Debug|x86
		{AF7D4E7B-804A-476A-8CF9-DA21521F1827}.Debug|x86.ActiveCfg = Debug|x86
		{AF7D4E7B-804A-476A-8CF9-DA21521F1827}.Debug|x86.Build.0 = Debug|x86
		{AF7D4E7B-804A-476A-8CF9-DA21521F1827}.Release|Any CPU.ActiveCfg = Release|x86
		{AF7D4E7B-804A-476A-8CF9-DA21521F1827}.Release|x86.ActiveCfg = Release|x86
		{AF7D4E7B-804A-476A-8CF9-DA21521F1827}.Release|x86.Build.0 = Release|x86
	EndGlobalSection
	GlobalSection(SolutionProperties) = preSolution
		HideSolutionNode = FALSE
	EndGlobalSection
EndGlobal
